
Microsoft Visual Studio Solution File, Format Version 12.00
# Visual Studio Version 17
VisualStudioVersion = 17.9.34728.123
MinimumVisualStudioVersion = 10.0.40219.1
Project("{FAE04EC0-301F-11D3-BF4B-00C04F79EFBC}") = "BuildingTrustManagementSystem", "BuildingTrustManagementSystem\BuildingTrustManagementSystem.csproj", "{C147F752-4A53-4838-8662-B9A98232D401}"
EndProject
Global
	GlobalSection(SolutionConfigurationPlatforms) = preSolution
		Debug|Any CPU = Debug|Any CPU
		Release|Any CPU = Release|Any CPU
	EndGlobalSection
	GlobalSection(ProjectConfigurationPlatforms) = postSolution
		{C147F752-4A53-4838-8662-B9A98232D401}.Debug|Any CPU.ActiveCfg = Debug|Any CPU
		{C147F752-4A53-4838-8662-B9A98232D401}.Debug|Any CPU.Build.0 = Debug|Any CPU
		{C147F752-4A53-4838-8662-B9A98232D401}.Release|Any CPU.ActiveCfg = Release|Any CPU
		{C147F752-4A53-4838-8662-B9A98232D401}.Release|Any CPU.Build.0 = Release|Any CPU
	EndGlobalSection
	GlobalSection(SolutionProperties) = preSolution
		HideSolutionNode = FALSE
	EndGlobalSection
	GlobalSection(ExtensibilityGlobals) = postSolution
		SolutionGuid = {0A15E1C7-405B-47AD-860C-2EB66AA2912D}
	EndGlobalSection
EndGlobal
